// !$*UTF8*$!
{
	archiveVersion = 1;
	classes = {
	};
	objectVersion = 46;
	objects = {

/* Begin PBXBuildFile section */
		8FA6A14E1A81ECBD009D0A0E /* main.m in Sources */ = {isa = PBXBuildFile; fileRef = 8FA6A14D1A81ECBD009D0A0E /* main.m */; };
		8FA6A1511A81ECBD009D0A0E /* AppDelegate.m in Sources */ = {isa = PBXBuildFile; fileRef = 8FA6A1501A81ECBD009D0A0E /* AppDelegate.m */; };
		8FA6A1541A81ECBD009D0A0E /* Home.m in Sources */ = {isa = PBXBuildFile; fileRef = 8FA6A1531A81ECBD009D0A0E /* Home.m */; };
		8FA6A1571A81ECBD009D0A0E /* Main.storyboard in Resources */ = {isa = PBXBuildFile; fileRef = 8FA6A1551A81ECBD009D0A0E /* Main.storyboard */; };
		8FA6A1591A81ECBD009D0A0E /* Images.xcassets in Resources */ = {isa = PBXBuildFile; fileRef = 8FA6A1581A81ECBD009D0A0E /* Images.xcassets */; };
		8FA6A15C1A81ECBD009D0A0E /* LaunchScreen.xib in Resources */ = {isa = PBXBuildFile; fileRef = 8FA6A15A1A81ECBD009D0A0E /* LaunchScreen.xib */; };
		8FA6A1681A81ECBD009D0A0E /* AgendaMTITests.m in Sources */ = {isa = PBXBuildFile; fileRef = 8FA6A1671A81ECBD009D0A0E /* AgendaMTITests.m */; };
		8FA6A1731A81F78D009D0A0E /* Nuevo.m in Sources */ = {isa = PBXBuildFile; fileRef = 8FA6A1721A81F78D009D0A0E /* Nuevo.m */; };
		8FA6A1761A81FB18009D0A0E /* Listado.m in Sources */ = {isa = PBXBuildFile; fileRef = 8FA6A1751A81FB18009D0A0E /* Listado.m */; };
		8FA6A1791A81FD28009D0A0E /* Detalle.m in Sources */ = {isa = PBXBuildFile; fileRef = 8FA6A1781A81FD28009D0A0E /* Detalle.m */; };
		8FA6A17C1A82018C009D0A0E /* VerMas.m in Sources */ = {isa = PBXBuildFile; fileRef = 8FA6A17B1A82018C009D0A0E /* VerMas.m */; };
		8FA6A17F1A821737009D0A0E /* 1423061899_camera-128.png in Resources */ = {isa = PBXBuildFile; fileRef = 8FA6A17E1A821737009D0A0E /* 1423061899_camera-128.png */; };
		8FFA63A31A8334E90033C7E0 /* DBManager.m in Sources */ = {isa = PBXBuildFile; fileRef = 8FFA63A21A8334E90033C7E0 /* DBManager.m */; };
		8FFA63A51A83352C0033C7E0 /* libsqlite3.0.dylib in Frameworks */ = {isa = PBXBuildFile; fileRef = 8FFA63A41A83352C0033C7E0 /* libsqlite3.0.dylib */; };
		8FFA63A81A8340B70033C7E0 /* AgendaList.m in Sources */ = {isa = PBXBuildFile; fileRef = 8FFA63A71A8340B70033C7E0 /* AgendaList.m */; };
/* End PBXBuildFile section */

/* Begin PBXContainerItemProxy section */
		8FA6A1621A81ECBD009D0A0E /* PBXContainerItemProxy */ = {
			isa = PBXContainerItemProxy;
			containerPortal = 8FA6A1401A81ECBD009D0A0E /* Project object */;
			proxyType = 1;
			remoteGlobalIDString = 8FA6A1471A81ECBD009D0A0E;
			remoteInfo = AgendaMTI;
		};
/* End PBXContainerItemProxy section */

/* Begin PBXFileReference section */
		8FA6A1481A81ECBD009D0A0E /* AgendaMTI.app */ = {isa = PBXFileReference; explicitFileType = wrapper.application; includeInIndex = 0; path = AgendaMTI.app; sourceTree = BUILT_PRODUCTS_DIR; };
		8FA6A14C1A81ECBD009D0A0E /* Info.plist */ = {isa = PBXFileReference; lastKnownFileType = text.plist.xml; path = Info.plist; sourceTree = "<group>"; };
		8FA6A14D1A81ECBD009D0A0E /* main.m */ = {isa = PBXFileReference; lastKnownFileType = sourcecode.c.objc; path = main.m; sourceTree = "<group>"; };
		8FA6A14F1A81ECBD009D0A0E /* AppDelegate.h */ = {isa = PBXFileReference; lastKnownFileType = sourcecode.c.h; path = AppDelegate.h; sourceTree = "<group>"; };
		8FA6A1501A81ECBD009D0A0E /* AppDelegate.m */ = {isa = PBXFileReference; lastKnownFileType = sourcecode.c.objc; path = AppDelegate.m; sourceTree = "<group>"; };
		8FA6A1521A81ECBD009D0A0E /* Home.h */ = {isa = PBXFileReference; lastKnownFileType = sourcecode.c.h; path = Home.h; sourceTree = "<group>"; };
		8FA6A1531A81ECBD009D0A0E /* Home.m */ = {isa = PBXFileReference; lastKnownFileType = sourcecode.c.objc; path = Home.m; sourceTree = "<group>"; };
		8FA6A1561A81ECBD009D0A0E /* Base */ = {isa = PBXFileReference; lastKnownFileType = file.storyboard; name = Base; path = Base.lproj/Main.storyboard; sourceTree = "<group>"; };
		8FA6A1581A81ECBD009D0A0E /* Images.xcassets */ = {isa = PBXFileReference; lastKnownFileType = folder.assetcatalog; path = Images.xcassets; sourceTree = "<group>"; };
		8FA6A15B1A81ECBD009D0A0E /* Base */ = {isa = PBXFileReference; lastKnownFileType = file.xib; name = Base; path = Base.lproj/LaunchScreen.xib; sourceTree = "<group>"; };
		8FA6A1611A81ECBD009D0A0E /* AgendaMTITests.xctest */ = {isa = PBXFileReference; explicitFileType = wrapper.cfbundle; includeInIndex = 0; path = AgendaMTITests.xctest; sourceTree = BUILT_PRODUCTS_DIR; };
		8FA6A1661A81ECBD009D0A0E /* Info.plist */ = {isa = PBXFileReference; lastKnownFileType = text.plist.xml; path = Info.plist; sourceTree = "<group>"; };
		8FA6A1671A81ECBD009D0A0E /* AgendaMTITests.m */ = {isa = PBXFileReference; lastKnownFileType = sourcecode.c.objc; path = AgendaMTITests.m; sourceTree = "<group>"; };
		8FA6A1711A81F78D009D0A0E /* Nuevo.h */ = {isa = PBXFileReference; fileEncoding = 4; lastKnownFileType = sourcecode.c.h; path = Nuevo.h; sourceTree = "<group>"; };
		8FA6A1721A81F78D009D0A0E /* Nuevo.m */ = {isa = PBXFileReference; fileEncoding = 4; lastKnownFileType = sourcecode.c.objc; path = Nuevo.m; sourceTree = "<group>"; };
		8FA6A1741A81FB18009D0A0E /* Listado.h */ = {isa = PBXFileReference; fileEncoding = 4; lastKnownFileType = sourcecode.c.h; path = Listado.h; sourceTree = "<group>"; };
		8FA6A1751A81FB18009D0A0E /* Listado.m */ = {isa = PBXFileReference; fileEncoding = 4; lastKnownFileType = sourcecode.c.objc; path = Listado.m; sourceTree = "<group>"; };
		8FA6A1771A81FD28009D0A0E /* Detalle.h */ = {isa = PBXFileReference; fileEncoding = 4; lastKnownFileType = sourcecode.c.h; path = Detalle.h; sourceTree = "<group>"; };
		8FA6A1781A81FD28009D0A0E /* Detalle.m */ = {isa = PBXFileReference; fileEncoding = 4; lastKnownFileType = sourcecode.c.objc; path = Detalle.m; sourceTree = "<group>"; };
		8FA6A17A1A82018C009D0A0E /* VerMas.h */ = {isa = PBXFileReference; fileEncoding = 4; lastKnownFileType = sourcecode.c.h; path = VerMas.h; sourceTree = "<group>"; };
		8FA6A17B1A82018C009D0A0E /* VerMas.m */ = {isa = PBXFileReference; fileEncoding = 4; lastKnownFileType = sourcecode.c.objc; path = VerMas.m; sourceTree = "<group>"; };
		8FA6A17E1A821737009D0A0E /* 1423061899_camera-128.png */ = {isa = PBXFileReference; lastKnownFileType = image.png; name = "1423061899_camera-128.png"; path = "../../../../Downloads/1423061899_camera-128.png"; sourceTree = "<group>"; };
		8FFA63A11A8334E90033C7E0 /* DBManager.h */ = {isa = PBXFileReference; fileEncoding = 4; lastKnownFileType = sourcecode.c.h; path = DBManager.h; sourceTree = "<group>"; };
		8FFA63A21A8334E90033C7E0 /* DBManager.m */ = {isa = PBXFileReference; fileEncoding = 4; lastKnownFileType = sourcecode.c.objc; path = DBManager.m; sourceTree = "<group>"; };
		8FFA63A41A83352C0033C7E0 /* libsqlite3.0.dylib */ = {isa = PBXFileReference; lastKnownFileType = "compiled.mach-o.dylib"; name = libsqlite3.0.dylib; path = usr/lib/libsqlite3.0.dylib; sourceTree = SDKROOT; };
		8FFA63A61A8340B70033C7E0 /* AgendaList.h */ = {isa = PBXFileReference; fileEncoding = 4; lastKnownFileType = sourcecode.c.h; path = AgendaList.h; sourceTree = "<group>"; };
		8FFA63A71A8340B70033C7E0 /* AgendaList.m */ = {isa = PBXFileReference; fileEncoding = 4; lastKnownFileType = sourcecode.c.objc; path = AgendaList.m; sourceTree = "<group>"; };
/* End PBXFileReference section */

/* Begin PBXFrameworksBuildPhase section */
		8FA6A1451A81ECBD009D0A0E /* Frameworks */ = {
			isa = PBXFrameworksBuildPhase;
			buildActionMask = 2147483647;
			files = (
				8FFA63A51A83352C0033C7E0 /* libsqlite3.0.dylib in Frameworks */,
			);
			runOnlyForDeploymentPostprocessing = 0;
		};
		8FA6A15E1A81ECBD009D0A0E /* Frameworks */ = {
			isa = PBXFrameworksBuildPhase;
			buildActionMask = 2147483647;
			files = (
			);
			runOnlyForDeploymentPostprocessing = 0;
		};
/* End PBXFrameworksBuildPhase section */

/* Begin PBXGroup section */
		8FA6A13F1A81ECBD009D0A0E = {
			isa = PBXGroup;
			children = (
				8FFA63A41A83352C0033C7E0 /* libsqlite3.0.dylib */,
				8FA6A14A1A81ECBD009D0A0E /* AgendaMTI */,
				8FA6A1641A81ECBD009D0A0E /* AgendaMTITests */,
				8FA6A1491A81ECBD009D0A0E /* Products */,
			);
			sourceTree = "<group>";
		};
		8FA6A1491A81ECBD009D0A0E /* Products */ = {
			isa = PBXGroup;
			children = (
				8FA6A1481A81ECBD009D0A0E /* AgendaMTI.app */,
				8FA6A1611A81ECBD009D0A0E /* AgendaMTITests.xctest */,
			);
			name = Products;
			sourceTree = "<group>";
		};
		8FA6A14A1A81ECBD009D0A0E /* AgendaMTI */ = {
			isa = PBXGroup;
			children = (
				8FA6A17D1A821710009D0A0E /* Imagenes */,
				8FA6A14F1A81ECBD009D0A0E /* AppDelegate.h */,
				8FA6A1501A81ECBD009D0A0E /* AppDelegate.m */,
				8FA6A1521A81ECBD009D0A0E /* Home.h */,
				8FA6A1531A81ECBD009D0A0E /* Home.m */,
				8FA6A1551A81ECBD009D0A0E /* Main.storyboard */,
				8FA6A1581A81ECBD009D0A0E /* Images.xcassets */,
				8FA6A15A1A81ECBD009D0A0E /* LaunchScreen.xib */,
				8FA6A14B1A81ECBD009D0A0E /* Supporting Files */,
				8FA6A1711A81F78D009D0A0E /* Nuevo.h */,
				8FA6A1721A81F78D009D0A0E /* Nuevo.m */,
				8FA6A1741A81FB18009D0A0E /* Listado.h */,
				8FA6A1751A81FB18009D0A0E /* Listado.m */,
				8FA6A1771A81FD28009D0A0E /* Detalle.h */,
				8FA6A1781A81FD28009D0A0E /* Detalle.m */,
				8FA6A17A1A82018C009D0A0E /* VerMas.h */,
				8FA6A17B1A82018C009D0A0E /* VerMas.m */,
				8FFA63A11A8334E90033C7E0 /* DBManager.h */,
				8FFA63A21A8334E90033C7E0 /* DBManager.m */,
				8FFA63A61A8340B70033C7E0 /* AgendaList.h */,
				8FFA63A71A8340B70033C7E0 /* AgendaList.m */,
			);
			path = AgendaMTI;
			sourceTree = "<group>";
		};
		8FA6A14B1A81ECBD009D0A0E /* Supporting Files */ = {
			isa = PBXGroup;
			children = (
				8FA6A14C1A81ECBD009D0A0E /* Info.plist */,
				8FA6A14D1A81ECBD009D0A0E /* main.m */,
			);
			name = "Supporting Files";
			sourceTree = "<group>";
		};
		8FA6A1641A81ECBD009D0A0E /* AgendaMTITests */ = {
			isa = PBXGroup;
			children = (
				8FA6A1671A81ECBD009D0A0E /* AgendaMTITests.m */,
				8FA6A1651A81ECBD009D0A0E /* Supporting Files */,
			);
			path = AgendaMTITests;
			sourceTree = "<group>";
		};
		8FA6A1651A81ECBD009D0A0E /* Supporting Files */ = {
			isa = PBXGroup;
			children = (
				8FA6A1661A81ECBD009D0A0E /* Info.plist */,
			);
			name = "Supporting Files";
			sourceTree = "<group>";
		};
		8FA6A17D1A821710009D0A0E /* Imagenes */ = {
			isa = PBXGroup;
			children = (
				8FA6A17E1A821737009D0A0E /* 1423061899_camera-128.png */,
			);
			name = Imagenes;
			sourceTree = "<group>";
		};
/* End PBXGroup section */

/* Begin PBXNativeTarget section */
		8FA6A1471A81ECBD009D0A0E /* AgendaMTI */ = {
			isa = PBXNativeTarget;
			buildConfigurationList = 8FA6A16B1A81ECBD009D0A0E /* Build configuration list for PBXNativeTarget "AgendaMTI" */;
			buildPhases = (
				8FA6A1441A81ECBD009D0A0E /* Sources */,
				8FA6A1451A81ECBD009D0A0E /* Frameworks */,
				8FA6A1461A81ECBD009D0A0E /* Resources */,
			);
			buildRules = (
			);
			dependencies = (
			);
			name = AgendaMTI;
			productName = AgendaMTI;
			productReference = 8FA6A1481A81ECBD009D0A0E /* AgendaMTI.app */;
			productType = "com.apple.product-type.application";
		};
		8FA6A1601A81ECBD009D0A0E /* AgendaMTITests */ = {
			isa = PBXNativeTarget;
			buildConfigurationList = 8FA6A16E1A81ECBD009D0A0E /* Build configuration list for PBXNativeTarget "AgendaMTITests" */;
			buildPhases = (
				8FA6A15D1A81ECBD009D0A0E /* Sources */,
				8FA6A15E1A81ECBD009D0A0E /* Frameworks */,
				8FA6A15F1A81ECBD009D0A0E /* Resources */,
			);
			buildRules = (
			);
			dependencies = (
				8FA6A1631A81ECBD009D0A0E /* PBXTargetDependency */,
			);
			name = AgendaMTITests;
			productName = AgendaMTITests;
			productReference = 8FA6A1611A81ECBD009D0A0E /* AgendaMTITests.xctest */;
			productType = "com.apple.product-type.bundle.unit-test";
		};
/* End PBXNativeTarget section */

/* Begin PBXProject section */
		8FA6A1401A81ECBD009D0A0E /* Project object */ = {
			isa = PBXProject;
			attributes = {
				LastUpgradeCheck = 0610;
				ORGANIZATIONNAME = TRON;
				TargetAttributes = {
					8FA6A1471A81ECBD009D0A0E = {
						CreatedOnToolsVersion = 6.1.1;
					};
					8FA6A1601A81ECBD009D0A0E = {
						CreatedOnToolsVersion = 6.1.1;
						TestTargetID = 8FA6A1471A81ECBD009D0A0E;
					};
				};
			};
			buildConfigurationList = 8FA6A1431A81ECBD009D0A0E /* Build configuration list for PBXProject "AgendaMTI" */;
			compatibilityVersion = "Xcode 3.2";
			developmentRegion = English;
			hasScannedForEncodings = 0;
			knownRegions = (
				en,
				Base,
			);
			mainGroup = 8FA6A13F1A81ECBD009D0A0E;
			productRefGroup = 8FA6A1491A81ECBD009D0A0E /* Products */;
			projectDirPath = "";
			projectRoot = "";
			targets = (
				8FA6A1471A81ECBD009D0A0E /* AgendaMTI */,
				8FA6A1601A81ECBD009D0A0E /* AgendaMTITests */,
			);
		};
/* End PBXProject section */

/* Begin PBXResourcesBuildPhase section */
		8FA6A1461A81ECBD009D0A0E /* Resources */ = {
			isa = PBXResourcesBuildPhase;
			buildActionMask = 2147483647;
			files = (
				8FA6A1571A81ECBD009D0A0E /* Main.storyboard in Resources */,
				8FA6A15C1A81ECBD009D0A0E /* LaunchScreen.xib in Resources */,
				8FA6A1591A81ECBD009D0A0E /* Images.xcassets in Resources */,
				8FA6A17F1A821737009D0A0E /* 1423061899_camera-128.png in Resources */,
			);
			runOnlyForDeploymentPostprocessing = 0;
		};
		8FA6A15F1A81ECBD009D0A0E /* Resources */ = {
			isa = PBXResourcesBuildPhase;
			buildActionMask = 2147483647;
			files = (
			);
			runOnlyForDeploymentPostprocessing = 0;
		};
/* End PBXResourcesBuildPhase section */

/* Begin PBXSourcesBuildPhase section */
		8FA6A1441A81ECBD009D0A0E /* Sources */ = {
			isa = PBXSourcesBuildPhase;
			buildActionMask = 2147483647;
			files = (
				8FA6A1541A81ECBD009D0A0E /* Home.m in Sources */,
				8FA6A1511A81ECBD009D0A0E /* AppDelegate.m in Sources */,
				8FA6A14E1A81ECBD009D0A0E /* main.m in Sources */,
				8FFA63A81A8340B70033C7E0 /* AgendaList.m in Sources */,
				8FA6A17C1A82018C009D0A0E /* VerMas.m in Sources */,
				8FA6A1761A81FB18009D0A0E /* Listado.m in Sources */,
				8FA6A1731A81F78D009D0A0E /* Nuevo.m in Sources */,
				8FA6A1791A81FD28009D0A0E /* Detalle.m in Sources */,
				8FFA63A31A8334E90033C7E0 /* DBManager.m in Sources */,
			);
			runOnlyForDeploymentPostprocessing = 0;
		};
		8FA6A15D1A81ECBD009D0A0E /* Sources */ = {
			isa = PBXSourcesBuildPhase;
			buildActionMask = 2147483647;
			files = (
				8FA6A1681A81ECBD009D0A0E /* AgendaMTITests.m in Sources */,
			);
			runOnlyForDeploymentPostprocessing = 0;
		};
/* End PBXSourcesBuildPhase section */

/* Begin PBXTargetDependency section */
		8FA6A1631A81ECBD009D0A0E /* PBXTargetDependency */ = {
			isa = PBXTargetDependency;
			target = 8FA6A1471A81ECBD009D0A0E /* AgendaMTI */;
			targetProxy = 8FA6A1621A81ECBD009D0A0E /* PBXContainerItemProxy */;
		};
/* End PBXTargetDependency section */

/* Begin PBXVariantGroup section */
		8FA6A1551A81ECBD009D0A0E /* Main.storyboard */ = {
			isa = PBXVariantGroup;
			children = (
				8FA6A1561A81ECBD009D0A0E /* Base */,
			);
			name = Main.storyboard;
			sourceTree = "<group>";
		};
		8FA6A15A1A81ECBD009D0A0E /* LaunchScreen.xib */ = {
			isa = PBXVariantGroup;
			children = (
				8FA6A15B1A81ECBD009D0A0E /* Base */,
			);
			name = LaunchScreen.xib;
			sourceTree = "<group>";
		};
/* End PBXVariantGroup section */

/* Begin XCBuildConfiguration section */
		8FA6A1691A81ECBD009D0A0E /* Debug */ = {
			isa = XCBuildConfiguration;
			buildSettings = {
				ALWAYS_SEARCH_USER_PATHS = NO;
				CLANG_CXX_LANGUAGE_STANDARD = "gnu++0x";
				CLANG_CXX_LIBRARY = "libc++";
				CLANG_ENABLE_MODULES = YES;
				CLANG_ENABLE_OBJC_ARC = YES;
				CLANG_WARN_BOOL_CONVERSION = YES;
				CLANG_WARN_CONSTANT_CONVERSION = YES;
				CLANG_WARN_DIRECT_OBJC_ISA_USAGE = YES_ERROR;
				CLANG_WARN_EMPTY_BODY = YES;
				CLANG_WARN_ENUM_CONVERSION = YES;
				CLANG_WARN_INT_CONVERSION = YES;
				CLANG_WARN_OBJC_ROOT_CLASS = YES_ERROR;
				CLANG_WARN_UNREACHABLE_CODE = YES;
				CLANG_WARN__DUPLICATE_METHOD_MATCH = YES;
				"CODE_SIGN_IDENTITY[sdk=iphoneos*]" = "iPhone Developer";
				COPY_PHASE_STRIP = NO;
				ENABLE_STRICT_OBJC_MSGSEND = YES;
				GCC_C_LANGUAGE_STANDARD = gnu99;
				GCC_DYNAMIC_NO_PIC = NO;
				GCC_OPTIMIZATION_LEVEL = 0;
				GCC_PREPROCESSOR_DEFINITIONS = (
					"DEBUG=1",
					"$(inherited)",
				);
				GCC_SYMBOLS_PRIVATE_EXTERN = NO;
				GCC_WARN_64_TO_32_BIT_CONVERSION = YES;
				GCC_WARN_ABOUT_RETURN_TYPE = YES_ERROR;
				GCC_WARN_UNDECLARED_SELECTOR = YES;
				GCC_WARN_UNINITIALIZED_AUTOS = YES_AGGRESSIVE;
				GCC_WARN_UNUSED_FUNCTION = YES;
				GCC_WARN_UNUSED_VARIABLE = YES;
				IPHONEOS_DEPLOYMENT_TARGET = 8.1;
				MTL_ENABLE_DEBUG_INFO = YES;
				ONLY_ACTIVE_ARCH = YES;
				SDKROOT = iphoneos;
			};
			name = Debug;
		};
		8FA6A16A1A81ECBD009D0A0E /* Release */ = {
			isa = XCBuildConfiguration;
			buildSettings = {
				ALWAYS_SEARCH_USER_PATHS = NO;
				CLANG_CXX_LANGUAGE_STANDARD = "gnu++0x";
				CLANG_CXX_LIBRARY = "libc++";
				CLANG_ENABLE_MODULES = YES;
				CLANG_ENABLE_OBJC_ARC = YES;
				CLANG_WARN_BOOL_CONVERSION = YES;
				CLANG_WARN_CONSTANT_CONVERSION = YES;
				CLANG_WARN_DIRECT_OBJC_ISA_USAGE = YES_ERROR;
				CLANG_WARN_EMPTY_BODY = YES;
				CLANG_WARN_ENUM_CONVERSION = YES;
				CLANG_WARN_INT_CONVERSION = YES;
				CLANG_WARN_OBJC_ROOT_CLASS = YES_ERROR;
				CLANG_WARN_UNREACHABLE_CODE = YES;
				CLANG_WARN__DUPLICATE_METHOD_MATCH = YES;
				"CODE_SIGN_IDENTITY[sdk=iphoneos*]" = "iPhone Developer";
				COPY_PHASE_STRIP = YES;
				ENABLE_NS_ASSERTIONS = NO;
				ENABLE_STRICT_OBJC_MSGSEND = YES;
				GCC_C_LANGUAGE_STANDARD = gnu99;
				GCC_WARN_64_TO_32_BIT_CONVERSION = YES;
				GCC_WARN_ABOUT_RETURN_TYPE = YES_ERROR;
				GCC_WARN_UNDECLARED_SELECTOR = YES;
				GCC_WARN_UNINITIALIZED_AUTOS = YES_AGGRESSIVE;
				GCC_WARN_UNUSED_FUNCTION = YES;
				GCC_WARN_UNUSED_VARIABLE = YES;
				IPHONEOS_DEPLOYMENT_TARGET = 8.1;
				MTL_ENABLE_DEBUG_INFO = NO;
				SDKROOT = iphoneos;
				VALIDATE_PRODUCT = YES;
			};
			name = Release;
		};
		8FA6A16C1A81ECBD009D0A0E /* Debug */ = {
			isa = XCBuildConfiguration;
			buildSettings = {
				ASSETCATALOG_COMPILER_APPICON_NAME = AppIcon;
				INFOPLIST_FILE = AgendaMTI/Info.plist;
				IPHONEOS_DEPLOYMENT_TARGET = 8.0;
				LD_RUNPATH_SEARCH_PATHS = "$(inherited) @executable_path/Frameworks";
				PRODUCT_NAME = "$(TARGET_NAME)";
			};
			name = Debug;
		};
		8FA6A16D1A81ECBD009D0A0E /* Release */ = {
			isa = XCBuildConfiguration;
			buildSettings = {
				ASSETCATALOG_COMPILER_APPICON_NAME = AppIcon;
				INFOPLIST_FILE = AgendaMTI/Info.plist;
				IPHONEOS_DEPLOYMENT_TARGET = 8.0;
				LD_RUNPATH_SEARCH_PATHS = "$(inherited) @executable_path/Frameworks";
				PRODUCT_NAME = "$(TARGET_NAME)";
			};
			name = Release;
		};
		8FA6A16F1A81ECBD009D0A0E /* Debug */ = {
			isa = XCBuildConfiguration;
			buildSettings = {
				BUNDLE_LOADER = "$(TEST_HOST)";
				FRAMEWORK_SEARCH_PATHS = (
					"$(SDKROOT)/Developer/Library/Frameworks",
					"$(inherited)",
				);
				GCC_PREPROCESSOR_DEFINITIONS = (
					"DEBUG=1",
					"$(inherited)",
				);
				INFOPLIST_FILE = AgendaMTITests/Info.plist;
				LD_RUNPATH_SEARCH_PATHS = "$(inherited) @executable_path/Frameworks @loader_path/Frameworks";
				PRODUCT_NAME = "$(TARGET_NAME)";
				TEST_HOST = "$(BUILT_PRODUCTS_DIR)/AgendaMTI.app/AgendaMTI";
			};
			name = Debug;
		};
		8FA6A1701A81ECBD009D0A0E /* Release */ = {
			isa = XCBuildConfiguration;
			buildSettings = {
				BUNDLE_LOADER = "$(TEST_HOST)";
				FRAMEWORK_SEARCH_PATHS = (
					"$(SDKROOT)/Developer/Library/Frameworks",
					"$(inherited)",
				);
				INFOPLIST_FILE = AgendaMTITests/Info.plist;
				LD_RUNPATH_SEARCH_PATHS = "$(inherited) @executable_path/Frameworks @loader_path/Frameworks";
				PRODUCT_NAME = "$(TARGET_NAME)";
				TEST_HOST = "$(BUILT_PRODUCTS_DIR)/AgendaMTI.app/AgendaMTI";
			};
			name = Release;
		};
/* End XCBuildConfiguration section */

/* Begin XCConfigurationList section */
		8FA6A1431A81ECBD009D0A0E /* Build configuration list for PBXProject "AgendaMTI" */ = {
			isa = XCConfigurationList;
			buildConfigurations = (
				8FA6A1691A81ECBD009D0A0E /* Debug */,
				8FA6A16A1A81ECBD009D0A0E /* Release */,
			);
			defaultConfigurationIsVisible = 0;
			defaultConfigurationName = Release;
		};
		8FA6A16B1A81ECBD009D0A0E /* Build configuration list for PBXNativeTarget "AgendaMTI" */ = {
			isa = XCConfigurationList;
			buildConfigurations = (
				8FA6A16C1A81ECBD009D0A0E /* Debug */,
				8FA6A16D1A81ECBD009D0A0E /* Release */,
			);
			defaultConfigurationIsVisible = 0;
			defaultConfigurationName = Release;
		};
		8FA6A16E1A81ECBD009D0A0E /* Build configuration list for PBXNativeTarget "AgendaMTITests" */ = {
			isa = XCConfigurationList;
			buildConfigurations = (
				8FA6A16F1A81ECBD009D0A0E /* Debug */,
				8FA6A1701A81ECBD009D0A0E /* Release */,
			);
			defaultConfigurationIsVisible = 0;
			defaultConfigurationName = Release;
		};
/* End XCConfigurationList section */
	};
	rootObject = 8FA6A1401A81ECBD009D0A0E /* Project object */;
}
